PODS:
  - Alamofire (4.6.0)
  - lottie-ios (2.1.5)
  - SQLite.swift (0.11.4):
    - SQLite.swift/standard (= 0.11.4)
  - SQLite.swift/standard (0.11.4)
  - SwifterSwift (4.1.1):
    - SwifterSwift/AppKit (= 4.1.1)
    - SwifterSwift/CoreGraphics (= 4.1.1)
    - SwifterSwift/CoreLocation (= 4.1.1)
    - SwifterSwift/Foundation (= 4.1.1)
    - SwifterSwift/SwiftStdlib (= 4.1.1)
    - SwifterSwift/UIKit (= 4.1.1)
  - SwifterSwift/AppKit (4.1.1)
  - SwifterSwift/CoreGraphics (4.1.1)
  - SwifterSwift/CoreLocation (4.1.1)
  - SwifterSwift/Foundation (4.1.1)
  - SwifterSwift/SwiftStdlib (4.1.1)
  - SwifterSwift/UIKit (4.1.1)

DEPENDENCIES:
  - Alamofire
  - lottie-ios
  - SQLite.swift
  - SwifterSwift

SPEC CHECKSUMS:
  Alamofire: f41a599bd63041760b26d393ec1069d9d7b917f4
  lottie-ios: 836cdbba92f62f3c6a00e37a4ce485321fe317cf
  SQLite.swift: 3e3bee21da701b5b9f87c4a672cb54f233505692
  SwifterSwift: bfcae9d659dfd306d164f13f72cad09198f30723

PODFILE CHECKSUM: 589897dd4aab553e67e271bcbd388daf58ba7b75

COCOAPODS: 1.4.0
