PODS:
  - Alamofire (4.5.1)
  - SQLite.swift (0.11.3):
    - SQLite.swift/standard (= 0.11.3)
  - SQLite.swift/standard (0.11.3)
  - SwifterSwift (3.2.0):
    - SwifterSwift/AppKit (= 3.2.0)
    - SwifterSwift/CoreGraphics (= 3.2.0)
    - SwifterSwift/CoreLocation (= 3.2.0)
    - SwifterSwift/Foundation (= 3.2.0)
    - SwifterSwift/SwiftStdlib (= 3.2.0)
    - SwifterSwift/UIKit (= 3.2.0)
  - SwifterSwift/AppKit (3.2.0)
  - SwifterSwift/CoreGraphics (3.2.0)
  - SwifterSwift/CoreLocation (3.2.0)
  - SwifterSwift/Foundation (3.2.0)
  - SwifterSwift/SwiftStdlib (3.2.0)
  - SwifterSwift/UIKit (3.2.0)

DEPENDENCIES:
  - Alamofire
  - SQLite.swift
  - SwifterSwift

SPEC CHECKSUMS:
  Alamofire: 2d95912bf4c34f164fdfc335872e8c312acaea4a
  SQLite.swift: 99b36c22084427f0abbeb957556ce1528cf10bb3
  SwifterSwift: e009210d995737f54c1fbffc5a3f004c8467ab1d

PODFILE CHECKSUM: 472bb121d560af7733aaf3290770d35428c15486

COCOAPODS: 1.1.1
