PODS:
  - Alamofire (4.5.1)
  - lottie-ios (2.1.3)
  - SQLite.swift (0.11.3):
    - SQLite.swift/standard (= 0.11.3)
  - SQLite.swift/standard (0.11.3)
  - SwifterSwift (3.2.0):
    - SwifterSwift/AppKit (= 3.2.0)
    - SwifterSwift/CoreGraphics (= 3.2.0)
    - SwifterSwift/CoreLocation (= 3.2.0)
    - SwifterSwift/Foundation (= 3.2.0)
    - SwifterSwift/SwiftStdlib (= 3.2.0)
    - SwifterSwift/UIKit (= 3.2.0)
  - SwifterSwift/AppKit (3.2.0)
  - SwifterSwift/CoreGraphics (3.2.0)
  - SwifterSwift/CoreLocation (3.2.0)
  - SwifterSwift/Foundation (3.2.0)
  - SwifterSwift/SwiftStdlib (3.2.0)
  - SwifterSwift/UIKit (3.2.0)

DEPENDENCIES:
  - Alamofire
  - lottie-ios
  - SQLite.swift
  - SwifterSwift (~> 3.2)

SPEC CHECKSUMS:
  Alamofire: 2d95912bf4c34f164fdfc335872e8c312acaea4a
  lottie-ios: 8c150606598931621e927377f1426d2d3e99282d
  SQLite.swift: 99b36c22084427f0abbeb957556ce1528cf10bb3
  SwifterSwift: e009210d995737f54c1fbffc5a3f004c8467ab1d

PODFILE CHECKSUM: 035952564d070ffdb51e6ed5166cedec88608b2b

COCOAPODS: 1.3.1
