// !$*UTF8*$!
{
	archiveVersion = 1;
	classes = {
	};
	objectVersion = 46;
	objects = {

/* Begin PBXBuildFile section */
		6A04B3D81EBBA540007204B5 /* TabBarController.swift in Sources */ = {isa = PBXBuildFile; fileRef = 6A04B3D71EBBA540007204B5 /* TabBarController.swift */; };
		6A04B3DB1EBBA57A007204B5 /* Extensions.swift in Sources */ = {isa = PBXBuildFile; fileRef = 6A04B3DA1EBBA57A007204B5 /* Extensions.swift */; };
		6A1EBA001ED9DCF900506F41 /* Mot.swift in Sources */ = {isa = PBXBuildFile; fileRef = 6A1EB9FF1ED9DCF900506F41 /* Mot.swift */; };
		6A1EBA021ED9F2D400506F41 /* ChoisirListeViewController.swift in Sources */ = {isa = PBXBuildFile; fileRef = 6A1EBA011ED9F2D400506F41 /* ChoisirListeViewController.swift */; };
		6A2733591EC74BA000E4830E /* ExercicesViewController.swift in Sources */ = {isa = PBXBuildFile; fileRef = 6A2733581EC74BA000E4830E /* ExercicesViewController.swift */; };
		6A27335B1EC74BD500E4830E /* ListesViewController.swift in Sources */ = {isa = PBXBuildFile; fileRef = 6A27335A1EC74BD500E4830E /* ListesViewController.swift */; };
		6A27335F1EC75EFD00E4830E /* Button.swift in Sources */ = {isa = PBXBuildFile; fileRef = 6A27335E1EC75EFD00E4830E /* Button.swift */; };
		6A2733611EC760C200E4830E /* Error.swift in Sources */ = {isa = PBXBuildFile; fileRef = 6A2733601EC760C200E4830E /* Error.swift */; };
		6A2733661EC7680800E4830E /* Label.swift in Sources */ = {isa = PBXBuildFile; fileRef = 6A2733651EC7680800E4830E /* Label.swift */; };
		6A2733681EC76F2600E4830E /* ReglagesViewController.swift in Sources */ = {isa = PBXBuildFile; fileRef = 6A2733671EC76F2600E4830E /* ReglagesViewController.swift */; };
		6A27336A1EC77F3D00E4830E /* TraductionViewController.swift in Sources */ = {isa = PBXBuildFile; fileRef = 6A2733691EC77F3D00E4830E /* TraductionViewController.swift */; };
		6A27336C1EC7821E00E4830E /* TextFields.swift in Sources */ = {isa = PBXBuildFile; fileRef = 6A27336B1EC7821E00E4830E /* TextFields.swift */; };
		6A27336E1EC790DE00E4830E /* ListeCell.swift in Sources */ = {isa = PBXBuildFile; fileRef = 6A27336D1EC790DE00E4830E /* ListeCell.swift */; };
		6A2733701EC792B400E4830E /* Views.swift in Sources */ = {isa = PBXBuildFile; fileRef = 6A27336F1EC792B400E4830E /* Views.swift */; };
		6A2733721EC87BD800E4830E /* AjouterListeViewController.swift in Sources */ = {isa = PBXBuildFile; fileRef = 6A2733711EC87BD800E4830E /* AjouterListeViewController.swift */; };
		6A2733741EC8956F00E4830E /* MotsViewController.swift in Sources */ = {isa = PBXBuildFile; fileRef = 6A2733731EC8956F00E4830E /* MotsViewController.swift */; };
		6A2733761EC8991900E4830E /* MotCell.swift in Sources */ = {isa = PBXBuildFile; fileRef = 6A2733751EC8991900E4830E /* MotCell.swift */; };
		6A41B28B1F618CBF006E500B /* ClassesTeacherViewController.swift in Sources */ = {isa = PBXBuildFile; fileRef = 6A41B2891F618CBF006E500B /* ClassesTeacherViewController.swift */; };
		6A41B28E1F618F1C006E500B /* Group.swift in Sources */ = {isa = PBXBuildFile; fileRef = 6A41B28D1F618F1C006E500B /* Group.swift */; };
		6A59D7661EBB701400E5D1BA /* AppDelegate.swift in Sources */ = {isa = PBXBuildFile; fileRef = 6A59D7651EBB701400E5D1BA /* AppDelegate.swift */; };
		6A59D76D1EBB701400E5D1BA /* Assets.xcassets in Resources */ = {isa = PBXBuildFile; fileRef = 6A59D76C1EBB701400E5D1BA /* Assets.xcassets */; };
		6A59D7701EBB701400E5D1BA /* LaunchScreen.storyboard in Resources */ = {isa = PBXBuildFile; fileRef = 6A59D76E1EBB701400E5D1BA /* LaunchScreen.storyboard */; };
		6A5D46C81EC8C28A00854EA1 /* ScoreViewController.swift in Sources */ = {isa = PBXBuildFile; fileRef = 6A5D46C71EC8C28A00854EA1 /* ScoreViewController.swift */; };
		6A5D46CA1EC8F0D300854EA1 /* AjouterMotViewController.swift in Sources */ = {isa = PBXBuildFile; fileRef = 6A5D46C91EC8F0D300854EA1 /* AjouterMotViewController.swift */; };
		6A5D46CD1EC8F43900854EA1 /* Protocoles.swift in Sources */ = {isa = PBXBuildFile; fileRef = 6A5D46CC1EC8F43900854EA1 /* Protocoles.swift */; };
		6A6F1C891ED77A3C0098D6EE /* List.swift in Sources */ = {isa = PBXBuildFile; fileRef = 6A6F1C881ED77A3C0098D6EE /* List.swift */; };
		6A76DA771EF97CCC00E151AA /* ConnexionViewController.swift in Sources */ = {isa = PBXBuildFile; fileRef = 6A76DA751EF97CCC00E151AA /* ConnexionViewController.swift */; };
		6A76DA781EF97CCC00E151AA /* ConnexionViewController.xib in Resources */ = {isa = PBXBuildFile; fileRef = 6A76DA761EF97CCC00E151AA /* ConnexionViewController.xib */; };
		6A82D5321F619FB200B6A44E /* Student.swift in Sources */ = {isa = PBXBuildFile; fileRef = 6A82D5311F619FB200B6A44E /* Student.swift */; };
		6A82D5341F61A0D100B6A44E /* Session.swift in Sources */ = {isa = PBXBuildFile; fileRef = 6A82D5331F61A0D100B6A44E /* Session.swift */; };
		6A82D5361F61A1E500B6A44E /* School.swift in Sources */ = {isa = PBXBuildFile; fileRef = 6A82D5351F61A1E500B6A44E /* School.swift */; };
		6A82D5381F61AB8100B6A44E /* ClasseStudentViewController.swift in Sources */ = {isa = PBXBuildFile; fileRef = 6A82D5371F61AB8100B6A44E /* ClasseStudentViewController.swift */; };
		6AE52CF91EE1B878003E5EF1 /* SplashScreenViewController.swift in Sources */ = {isa = PBXBuildFile; fileRef = 6AE52CF81EE1B878003E5EF1 /* SplashScreenViewController.swift */; };
		6AE52CFC1EE1B893003E5EF1 /* SplashViewController.swift in Sources */ = {isa = PBXBuildFile; fileRef = 6AE52CFA1EE1B892003E5EF1 /* SplashViewController.swift */; };
		6AE52CFD1EE1B893003E5EF1 /* SplashViewController.xib in Resources */ = {isa = PBXBuildFile; fileRef = 6AE52CFB1EE1B892003E5EF1 /* SplashViewController.xib */; };
		6AE6EBB61F61D53000B876D1 /* ClassesCollectionViewCell.swift in Sources */ = {isa = PBXBuildFile; fileRef = 6AE6EBB51F61D53000B876D1 /* ClassesCollectionViewCell.swift */; };
		6AE6EBB81F61DAE900B876D1 /* HeaderClasseTeacherCollectionReusableView.swift in Sources */ = {isa = PBXBuildFile; fileRef = 6AE6EBB71F61DAE900B876D1 /* HeaderClasseTeacherCollectionReusableView.swift */; };
		E3C390AF04A1589C045CFC3B /* Pods_Vocs.framework in Frameworks */ = {isa = PBXBuildFile; fileRef = 44FA4FAA1318AAB86B1747FE /* Pods_Vocs.framework */; };
/* End PBXBuildFile section */

/* Begin PBXFileReference section */
		42B5DC113416B6FE15E4A14A /* Pods-Vocs.release.xcconfig */ = {isa = PBXFileReference; includeInIndex = 1; lastKnownFileType = text.xcconfig; name = "Pods-Vocs.release.xcconfig"; path = "Pods/Target Support Files/Pods-Vocs/Pods-Vocs.release.xcconfig"; sourceTree = "<group>"; };
		44FA4FAA1318AAB86B1747FE /* Pods_Vocs.framework */ = {isa = PBXFileReference; explicitFileType = wrapper.framework; includeInIndex = 0; path = Pods_Vocs.framework; sourceTree = BUILT_PRODUCTS_DIR; };
		533121DFB591D53EDE6233FF /* Pods-Vocs.debug.xcconfig */ = {isa = PBXFileReference; includeInIndex = 1; lastKnownFileType = text.xcconfig; name = "Pods-Vocs.debug.xcconfig"; path = "Pods/Target Support Files/Pods-Vocs/Pods-Vocs.debug.xcconfig"; sourceTree = "<group>"; };
		6A04B3D71EBBA540007204B5 /* TabBarController.swift */ = {isa = PBXFileReference; fileEncoding = 4; lastKnownFileType = sourcecode.swift; path = TabBarController.swift; sourceTree = "<group>"; };
		6A04B3DA1EBBA57A007204B5 /* Extensions.swift */ = {isa = PBXFileReference; fileEncoding = 4; lastKnownFileType = sourcecode.swift; path = Extensions.swift; sourceTree = "<group>"; };
		6A1EB9FF1ED9DCF900506F41 /* Mot.swift */ = {isa = PBXFileReference; fileEncoding = 4; lastKnownFileType = sourcecode.swift; path = Mot.swift; sourceTree = "<group>"; };
		6A1EBA011ED9F2D400506F41 /* ChoisirListeViewController.swift */ = {isa = PBXFileReference; fileEncoding = 4; lastKnownFileType = sourcecode.swift; path = ChoisirListeViewController.swift; sourceTree = "<group>"; };
		6A2733581EC74BA000E4830E /* ExercicesViewController.swift */ = {isa = PBXFileReference; fileEncoding = 4; lastKnownFileType = sourcecode.swift; path = ExercicesViewController.swift; sourceTree = "<group>"; };
		6A27335A1EC74BD500E4830E /* ListesViewController.swift */ = {isa = PBXFileReference; fileEncoding = 4; lastKnownFileType = sourcecode.swift; path = ListesViewController.swift; sourceTree = "<group>"; };
		6A27335E1EC75EFD00E4830E /* Button.swift */ = {isa = PBXFileReference; fileEncoding = 4; lastKnownFileType = sourcecode.swift; path = Button.swift; sourceTree = "<group>"; };
		6A2733601EC760C200E4830E /* Error.swift */ = {isa = PBXFileReference; fileEncoding = 4; lastKnownFileType = sourcecode.swift; path = Error.swift; sourceTree = "<group>"; };
		6A2733651EC7680800E4830E /* Label.swift */ = {isa = PBXFileReference; fileEncoding = 4; lastKnownFileType = sourcecode.swift; path = Label.swift; sourceTree = "<group>"; };
		6A2733671EC76F2600E4830E /* ReglagesViewController.swift */ = {isa = PBXFileReference; fileEncoding = 4; lastKnownFileType = sourcecode.swift; path = ReglagesViewController.swift; sourceTree = "<group>"; };
		6A2733691EC77F3D00E4830E /* TraductionViewController.swift */ = {isa = PBXFileReference; fileEncoding = 4; lastKnownFileType = sourcecode.swift; path = TraductionViewController.swift; sourceTree = "<group>"; };
		6A27336B1EC7821E00E4830E /* TextFields.swift */ = {isa = PBXFileReference; fileEncoding = 4; lastKnownFileType = sourcecode.swift; path = TextFields.swift; sourceTree = "<group>"; };
		6A27336D1EC790DE00E4830E /* ListeCell.swift */ = {isa = PBXFileReference; fileEncoding = 4; lastKnownFileType = sourcecode.swift; path = ListeCell.swift; sourceTree = "<group>"; };
		6A27336F1EC792B400E4830E /* Views.swift */ = {isa = PBXFileReference; fileEncoding = 4; lastKnownFileType = sourcecode.swift; path = Views.swift; sourceTree = "<group>"; };
		6A2733711EC87BD800E4830E /* AjouterListeViewController.swift */ = {isa = PBXFileReference; fileEncoding = 4; lastKnownFileType = sourcecode.swift; path = AjouterListeViewController.swift; sourceTree = "<group>"; };
		6A2733731EC8956F00E4830E /* MotsViewController.swift */ = {isa = PBXFileReference; fileEncoding = 4; lastKnownFileType = sourcecode.swift; path = MotsViewController.swift; sourceTree = "<group>"; };
		6A2733751EC8991900E4830E /* MotCell.swift */ = {isa = PBXFileReference; fileEncoding = 4; lastKnownFileType = sourcecode.swift; path = MotCell.swift; sourceTree = "<group>"; };
		6A41B2891F618CBF006E500B /* ClassesTeacherViewController.swift */ = {isa = PBXFileReference; fileEncoding = 4; lastKnownFileType = sourcecode.swift; path = ClassesTeacherViewController.swift; sourceTree = "<group>"; };
		6A41B28D1F618F1C006E500B /* Group.swift */ = {isa = PBXFileReference; fileEncoding = 4; lastKnownFileType = sourcecode.swift; path = Group.swift; sourceTree = "<group>"; };
		6A59D7621EBB701400E5D1BA /* Vocs.app */ = {isa = PBXFileReference; explicitFileType = wrapper.application; includeInIndex = 0; path = Vocs.app; sourceTree = BUILT_PRODUCTS_DIR; };
		6A59D7651EBB701400E5D1BA /* AppDelegate.swift */ = {isa = PBXFileReference; lastKnownFileType = sourcecode.swift; path = AppDelegate.swift; sourceTree = "<group>"; };
		6A59D76C1EBB701400E5D1BA /* Assets.xcassets */ = {isa = PBXFileReference; lastKnownFileType = folder.assetcatalog; path = Assets.xcassets; sourceTree = "<group>"; };
		6A59D76F1EBB701400E5D1BA /* Base */ = {isa = PBXFileReference; lastKnownFileType = file.storyboard; name = Base; path = Base.lproj/LaunchScreen.storyboard; sourceTree = "<group>"; };
		6A59D7711EBB701400E5D1BA /* Info.plist */ = {isa = PBXFileReference; lastKnownFileType = text.plist.xml; path = Info.plist; sourceTree = "<group>"; };
		6A5D46C71EC8C28A00854EA1 /* ScoreViewController.swift */ = {isa = PBXFileReference; fileEncoding = 4; lastKnownFileType = sourcecode.swift; path = ScoreViewController.swift; sourceTree = "<group>"; };
		6A5D46C91EC8F0D300854EA1 /* AjouterMotViewController.swift */ = {isa = PBXFileReference; fileEncoding = 4; lastKnownFileType = sourcecode.swift; path = AjouterMotViewController.swift; sourceTree = "<group>"; };
		6A5D46CC1EC8F43900854EA1 /* Protocoles.swift */ = {isa = PBXFileReference; fileEncoding = 4; lastKnownFileType = sourcecode.swift; path = Protocoles.swift; sourceTree = "<group>"; };
		6A6F1C881ED77A3C0098D6EE /* List.swift */ = {isa = PBXFileReference; fileEncoding = 4; lastKnownFileType = sourcecode.swift; path = List.swift; sourceTree = "<group>"; };
		6A76DA751EF97CCC00E151AA /* ConnexionViewController.swift */ = {isa = PBXFileReference; fileEncoding = 4; lastKnownFileType = sourcecode.swift; path = ConnexionViewController.swift; sourceTree = "<group>"; };
		6A76DA761EF97CCC00E151AA /* ConnexionViewController.xib */ = {isa = PBXFileReference; fileEncoding = 4; lastKnownFileType = file.xib; path = ConnexionViewController.xib; sourceTree = "<group>"; };
		6A82D5311F619FB200B6A44E /* Student.swift */ = {isa = PBXFileReference; fileEncoding = 4; lastKnownFileType = sourcecode.swift; path = Student.swift; sourceTree = "<group>"; };
		6A82D5331F61A0D100B6A44E /* Session.swift */ = {isa = PBXFileReference; fileEncoding = 4; lastKnownFileType = sourcecode.swift; path = Session.swift; sourceTree = "<group>"; };
		6A82D5351F61A1E500B6A44E /* School.swift */ = {isa = PBXFileReference; fileEncoding = 4; lastKnownFileType = sourcecode.swift; path = School.swift; sourceTree = "<group>"; };
		6A82D5371F61AB8100B6A44E /* ClasseStudentViewController.swift */ = {isa = PBXFileReference; fileEncoding = 4; lastKnownFileType = sourcecode.swift; path = ClasseStudentViewController.swift; sourceTree = "<group>"; };
		6AE52CF81EE1B878003E5EF1 /* SplashScreenViewController.swift */ = {isa = PBXFileReference; fileEncoding = 4; lastKnownFileType = sourcecode.swift; path = SplashScreenViewController.swift; sourceTree = "<group>"; };
		6AE52CFA1EE1B892003E5EF1 /* SplashViewController.swift */ = {isa = PBXFileReference; fileEncoding = 4; lastKnownFileType = sourcecode.swift; path = SplashViewController.swift; sourceTree = "<group>"; };
		6AE52CFB1EE1B892003E5EF1 /* SplashViewController.xib */ = {isa = PBXFileReference; fileEncoding = 4; lastKnownFileType = file.xib; path = SplashViewController.xib; sourceTree = "<group>"; };
		6AE6EBB51F61D53000B876D1 /* ClassesCollectionViewCell.swift */ = {isa = PBXFileReference; fileEncoding = 4; lastKnownFileType = sourcecode.swift; path = ClassesCollectionViewCell.swift; sourceTree = "<group>"; };
		6AE6EBB71F61DAE900B876D1 /* HeaderClasseTeacherCollectionReusableView.swift */ = {isa = PBXFileReference; fileEncoding = 4; lastKnownFileType = sourcecode.swift; path = HeaderClasseTeacherCollectionReusableView.swift; sourceTree = "<group>"; };
/* End PBXFileReference section */

/* Begin PBXFrameworksBuildPhase section */
		6A59D75F1EBB701400E5D1BA /* Frameworks */ = {
			isa = PBXFrameworksBuildPhase;
			buildActionMask = 2147483647;
			files = (
				E3C390AF04A1589C045CFC3B /* Pods_Vocs.framework in Frameworks */,
			);
			runOnlyForDeploymentPostprocessing = 0;
		};
/* End PBXFrameworksBuildPhase section */

/* Begin PBXGroup section */
		2CC0DB277984D775B49D82CD /* Frameworks */ = {
			isa = PBXGroup;
			children = (
				44FA4FAA1318AAB86B1747FE /* Pods_Vocs.framework */,
			);
			name = Frameworks;
			sourceTree = "<group>";
		};
		4A208B938AD273884ABB3B38 /* Pods */ = {
			isa = PBXGroup;
			children = (
				533121DFB591D53EDE6233FF /* Pods-Vocs.debug.xcconfig */,
				42B5DC113416B6FE15E4A14A /* Pods-Vocs.release.xcconfig */,
			);
			name = Pods;
			sourceTree = "<group>";
		};
		6A04B3D91EBBA558007204B5 /* Extensions */ = {
			isa = PBXGroup;
			children = (
				6A04B3DA1EBBA57A007204B5 /* Extensions.swift */,
			);
			name = Extensions;
			sourceTree = "<group>";
		};
		6A1EBA031EDA1E0F00506F41 /* Jeux */ = {
			isa = PBXGroup;
			children = (
				6A2733691EC77F3D00E4830E /* TraductionViewController.swift */,
				6A5D46C71EC8C28A00854EA1 /* ScoreViewController.swift */,
			);
			name = Jeux;
			sourceTree = "<group>";
		};
		6A2733621EC760C700E4830E /* Error */ = {
			isa = PBXGroup;
			children = (
				6A2733601EC760C200E4830E /* Error.swift */,
			);
			name = Error;
			sourceTree = "<group>";
		};
		6A41B27C1F618A34006E500B /* Classes */ = {
			isa = PBXGroup;
			children = (
				6A41B2891F618CBF006E500B /* ClassesTeacherViewController.swift */,
				6A82D5371F61AB8100B6A44E /* ClasseStudentViewController.swift */,
			);
			name = Classes;
			sourceTree = "<group>";
		};
		6A41B27D1F618A3C006E500B /* Exercices */ = {
			isa = PBXGroup;
			children = (
				6A2733581EC74BA000E4830E /* ExercicesViewController.swift */,
				6A1EBA011ED9F2D400506F41 /* ChoisirListeViewController.swift */,
			);
			name = Exercices;
			sourceTree = "<group>";
		};
		6A41B27E1F618A43006E500B /* Lists */ = {
			isa = PBXGroup;
			children = (
				6A5D46C91EC8F0D300854EA1 /* AjouterMotViewController.swift */,
				6A2733731EC8956F00E4830E /* MotsViewController.swift */,
				6A27335A1EC74BD500E4830E /* ListesViewController.swift */,
				6A2733711EC87BD800E4830E /* AjouterListeViewController.swift */,
			);
			name = Lists;
			sourceTree = "<group>";
		};
		6A41B27F1F618A67006E500B /* Connection */ = {
			isa = PBXGroup;
			children = (
				6A76DA751EF97CCC00E151AA /* ConnexionViewController.swift */,
			);
			name = Connection;
			sourceTree = "<group>";
		};
		6A41B2801F618A8E006E500B /* Profil */ = {
			isa = PBXGroup;
			children = (
				6A2733671EC76F2600E4830E /* ReglagesViewController.swift */,
			);
			name = Profil;
			sourceTree = "<group>";
		};
		6A41B2811F618AD0006E500B /* Classes */ = {
			isa = PBXGroup;
			children = (
				6AE6EBB41F61D50600B876D1 /* Classes */,
				6A27335E1EC75EFD00E4830E /* Button.swift */,
				6A2733651EC7680800E4830E /* Label.swift */,
				6A27336B1EC7821E00E4830E /* TextFields.swift */,
				6A27336D1EC790DE00E4830E /* ListeCell.swift */,
				6A27336F1EC792B400E4830E /* Views.swift */,
				6A2733751EC8991900E4830E /* MotCell.swift */,
			);
			name = Classes;
			sourceTree = "<group>";
		};
		6A41B2821F618AE2006E500B /* General */ = {
			isa = PBXGroup;
			children = (
				6A04B3D71EBBA540007204B5 /* TabBarController.swift */,
				6AE52CF81EE1B878003E5EF1 /* SplashScreenViewController.swift */,
			);
			name = General;
			sourceTree = "<group>";
		};
		6A41B2831F618B42006E500B /* Connection */ = {
			isa = PBXGroup;
			children = (
				6A76DA761EF97CCC00E151AA /* ConnexionViewController.xib */,
			);
			name = Connection;
			sourceTree = "<group>";
		};
		6A59D7591EBB701400E5D1BA = {
			isa = PBXGroup;
			children = (
				6A59D7641EBB701400E5D1BA /* Vocs */,
				6A59D7631EBB701400E5D1BA /* Products */,
				4A208B938AD273884ABB3B38 /* Pods */,
				2CC0DB277984D775B49D82CD /* Frameworks */,
			);
			sourceTree = "<group>";
		};
		6A59D7631EBB701400E5D1BA /* Products */ = {
			isa = PBXGroup;
			children = (
				6A59D7621EBB701400E5D1BA /* Vocs.app */,
			);
			name = Products;
			sourceTree = "<group>";
		};
		6A59D7641EBB701400E5D1BA /* Vocs */ = {
			isa = PBXGroup;
			children = (
				6A59D7651EBB701400E5D1BA /* AppDelegate.swift */,
				6A59D7791EBB70D500E5D1BA /* Controllers */,
				6A59D7781EBB70D000E5D1BA /* Views */,
				6A59D7771EBB70C700E5D1BA /* Models */,
				6A59D76C1EBB701400E5D1BA /* Assets.xcassets */,
				6A59D7711EBB701400E5D1BA /* Info.plist */,
			);
			path = Vocs;
			sourceTree = "<group>";
		};
		6A59D7771EBB70C700E5D1BA /* Models */ = {
			isa = PBXGroup;
			children = (
				6A5D46CB1EC8F42900854EA1 /* Protocoles */,
				6A2733621EC760C700E4830E /* Error */,
				6A04B3D91EBBA558007204B5 /* Extensions */,
				6A6F1C881ED77A3C0098D6EE /* List.swift */,
				6A1EB9FF1ED9DCF900506F41 /* Mot.swift */,
				6A41B28D1F618F1C006E500B /* Group.swift */,
				6A82D5311F619FB200B6A44E /* Student.swift */,
				6A82D5331F61A0D100B6A44E /* Session.swift */,
				6A82D5351F61A1E500B6A44E /* School.swift */,
			);
			name = Models;
			sourceTree = "<group>";
		};
		6A59D7781EBB70D000E5D1BA /* Views */ = {
			isa = PBXGroup;
			children = (
				6A41B2811F618AD0006E500B /* Classes */,
				6A59D77A1EBB70EB00E5D1BA /* Storyboards */,
			);
			name = Views;
			sourceTree = "<group>";
		};
		6A59D7791EBB70D500E5D1BA /* Controllers */ = {
			isa = PBXGroup;
			children = (
				6A41B2821F618AE2006E500B /* General */,
				6A41B2801F618A8E006E500B /* Profil */,
				6A41B27F1F618A67006E500B /* Connection */,
				6A41B27E1F618A43006E500B /* Lists */,
				6A41B27D1F618A3C006E500B /* Exercices */,
				6A41B27C1F618A34006E500B /* Classes */,
				6A1EBA031EDA1E0F00506F41 /* Jeux */,
			);
			name = Controllers;
			sourceTree = "<group>";
		};
		6A59D77A1EBB70EB00E5D1BA /* Storyboards */ = {
			isa = PBXGroup;
			children = (
				6A41B2831F618B42006E500B /* Connection */,
				6AE52CFE1EE1B8D1003E5EF1 /* SplashScreen */,
			);
			name = Storyboards;
			sourceTree = "<group>";
		};
		6A5D46CB1EC8F42900854EA1 /* Protocoles */ = {
			isa = PBXGroup;
			children = (
				6A5D46CC1EC8F43900854EA1 /* Protocoles.swift */,
			);
			name = Protocoles;
			sourceTree = "<group>";
		};
		6AE52CFE1EE1B8D1003E5EF1 /* SplashScreen */ = {
			isa = PBXGroup;
			children = (
				6A59D76E1EBB701400E5D1BA /* LaunchScreen.storyboard */,
				6AE52CFB1EE1B892003E5EF1 /* SplashViewController.xib */,
				6AE52CFA1EE1B892003E5EF1 /* SplashViewController.swift */,
			);
			name = SplashScreen;
			sourceTree = "<group>";
		};
		6AE6EBB41F61D50600B876D1 /* Classes */ = {
			isa = PBXGroup;
			children = (
				6AE6EBB51F61D53000B876D1 /* ClassesCollectionViewCell.swift */,
				6AE6EBB71F61DAE900B876D1 /* HeaderClasseTeacherCollectionReusableView.swift */,
			);
			name = Classes;
			sourceTree = "<group>";
		};
/* End PBXGroup section */

/* Begin PBXNativeTarget section */
		6A59D7611EBB701400E5D1BA /* Vocs */ = {
			isa = PBXNativeTarget;
			buildConfigurationList = 6A59D7741EBB701400E5D1BA /* Build configuration list for PBXNativeTarget "Vocs" */;
			buildPhases = (
				CBD5DB46B3689BAC7D6DD2A2 /* [CP] Check Pods Manifest.lock */,
				6A59D75E1EBB701400E5D1BA /* Sources */,
				6A59D75F1EBB701400E5D1BA /* Frameworks */,
				6A59D7601EBB701400E5D1BA /* Resources */,
				20D5FB8148009C22F78CF559 /* [CP] Embed Pods Frameworks */,
				BE0326D707A5618762A8CBFD /* [CP] Copy Pods Resources */,
			);
			buildRules = (
			);
			dependencies = (
			);
			name = Vocs;
			productName = Vocs;
			productReference = 6A59D7621EBB701400E5D1BA /* Vocs.app */;
			productType = "com.apple.product-type.application";
		};
/* End PBXNativeTarget section */

/* Begin PBXProject section */
		6A59D75A1EBB701400E5D1BA /* Project object */ = {
			isa = PBXProject;
			attributes = {
				LastSwiftUpdateCheck = 0830;
				LastUpgradeCheck = 0830;
				ORGANIZATIONNAME = Wathis;
				TargetAttributes = {
					6A59D7611EBB701400E5D1BA = {
						CreatedOnToolsVersion = 8.3.2;
						DevelopmentTeam = R4Q4T5UMG8;
						ProvisioningStyle = Automatic;
					};
				};
			};
			buildConfigurationList = 6A59D75D1EBB701400E5D1BA /* Build configuration list for PBXProject "Vocs" */;
			compatibilityVersion = "Xcode 3.2";
			developmentRegion = English;
			hasScannedForEncodings = 0;
			knownRegions = (
				en,
				Base,
			);
			mainGroup = 6A59D7591EBB701400E5D1BA;
			productRefGroup = 6A59D7631EBB701400E5D1BA /* Products */;
			projectDirPath = "";
			projectRoot = "";
			targets = (
				6A59D7611EBB701400E5D1BA /* Vocs */,
			);
		};
/* End PBXProject section */

/* Begin PBXResourcesBuildPhase section */
		6A59D7601EBB701400E5D1BA /* Resources */ = {
			isa = PBXResourcesBuildPhase;
			buildActionMask = 2147483647;
			files = (
				6A76DA781EF97CCC00E151AA /* ConnexionViewController.xib in Resources */,
				6A59D7701EBB701400E5D1BA /* LaunchScreen.storyboard in Resources */,
				6AE52CFD1EE1B893003E5EF1 /* SplashViewController.xib in Resources */,
				6A59D76D1EBB701400E5D1BA /* Assets.xcassets in Resources */,
			);
			runOnlyForDeploymentPostprocessing = 0;
		};
/* End PBXResourcesBuildPhase section */

/* Begin PBXShellScriptBuildPhase section */
		20D5FB8148009C22F78CF559 /* [CP] Embed Pods Frameworks */ = {
			isa = PBXShellScriptBuildPhase;
			buildActionMask = 2147483647;
			files = (
			);
			inputPaths = (
			);
			name = "[CP] Embed Pods Frameworks";
			outputPaths = (
			);
			runOnlyForDeploymentPostprocessing = 0;
			shellPath = /bin/sh;
			shellScript = "\"${SRCROOT}/Pods/Target Support Files/Pods-Vocs/Pods-Vocs-frameworks.sh\"\n";
			showEnvVarsInLog = 0;
		};
		BE0326D707A5618762A8CBFD /* [CP] Copy Pods Resources */ = {
			isa = PBXShellScriptBuildPhase;
			buildActionMask = 2147483647;
			files = (
			);
			inputPaths = (
			);
			name = "[CP] Copy Pods Resources";
			outputPaths = (
			);
			runOnlyForDeploymentPostprocessing = 0;
			shellPath = /bin/sh;
			shellScript = "\"${SRCROOT}/Pods/Target Support Files/Pods-Vocs/Pods-Vocs-resources.sh\"\n";
			showEnvVarsInLog = 0;
		};
		CBD5DB46B3689BAC7D6DD2A2 /* [CP] Check Pods Manifest.lock */ = {
			isa = PBXShellScriptBuildPhase;
			buildActionMask = 2147483647;
			files = (
			);
			inputPaths = (
			);
			name = "[CP] Check Pods Manifest.lock";
			outputPaths = (
			);
			runOnlyForDeploymentPostprocessing = 0;
			shellPath = /bin/sh;
			shellScript = "diff \"${PODS_ROOT}/../Podfile.lock\" \"${PODS_ROOT}/Manifest.lock\" > /dev/null\nif [ $? != 0 ] ; then\n    # print error to STDERR\n    echo \"error: The sandbox is not in sync with the Podfile.lock. Run 'pod install' or update your CocoaPods installation.\" >&2\n    exit 1\nfi\n";
			showEnvVarsInLog = 0;
		};
/* End PBXShellScriptBuildPhase section */

/* Begin PBXSourcesBuildPhase section */
		6A59D75E1EBB701400E5D1BA /* Sources */ = {
			isa = PBXSourcesBuildPhase;
			buildActionMask = 2147483647;
			files = (
				6A2733701EC792B400E4830E /* Views.swift in Sources */,
				6A82D5341F61A0D100B6A44E /* Session.swift in Sources */,
				6A2733591EC74BA000E4830E /* ExercicesViewController.swift in Sources */,
				6AE52CF91EE1B878003E5EF1 /* SplashScreenViewController.swift in Sources */,
				6A6F1C891ED77A3C0098D6EE /* List.swift in Sources */,
				6A27336A1EC77F3D00E4830E /* TraductionViewController.swift in Sources */,
				6A27336C1EC7821E00E4830E /* TextFields.swift in Sources */,
				6A76DA771EF97CCC00E151AA /* ConnexionViewController.swift in Sources */,
				6A04B3D81EBBA540007204B5 /* TabBarController.swift in Sources */,
				6A5D46CD1EC8F43900854EA1 /* Protocoles.swift in Sources */,
				6A2733741EC8956F00E4830E /* MotsViewController.swift in Sources */,
				6AE52CFC1EE1B893003E5EF1 /* SplashViewController.swift in Sources */,
				6A2733761EC8991900E4830E /* MotCell.swift in Sources */,
				6A82D5361F61A1E500B6A44E /* School.swift in Sources */,
				6AE6EBB81F61DAE900B876D1 /* HeaderClasseTeacherCollectionReusableView.swift in Sources */,
				6A1EBA021ED9F2D400506F41 /* ChoisirListeViewController.swift in Sources */,
				6AE6EBB61F61D53000B876D1 /* ClassesCollectionViewCell.swift in Sources */,
				6A41B28B1F618CBF006E500B /* ClassesTeacherViewController.swift in Sources */,
				6A82D5381F61AB8100B6A44E /* ClasseStudentViewController.swift in Sources */,
				6A2733661EC7680800E4830E /* Label.swift in Sources */,
				6A59D7661EBB701400E5D1BA /* AppDelegate.swift in Sources */,
				6A41B28E1F618F1C006E500B /* Group.swift in Sources */,
				6A27336E1EC790DE00E4830E /* ListeCell.swift in Sources */,
				6A27335F1EC75EFD00E4830E /* Button.swift in Sources */,
				6A82D5321F619FB200B6A44E /* Student.swift in Sources */,
				6A1EBA001ED9DCF900506F41 /* Mot.swift in Sources */,
				6A27335B1EC74BD500E4830E /* ListesViewController.swift in Sources */,
				6A2733721EC87BD800E4830E /* AjouterListeViewController.swift in Sources */,
				6A2733611EC760C200E4830E /* Error.swift in Sources */,
				6A2733681EC76F2600E4830E /* ReglagesViewController.swift in Sources */,
				6A04B3DB1EBBA57A007204B5 /* Extensions.swift in Sources */,
				6A5D46C81EC8C28A00854EA1 /* ScoreViewController.swift in Sources */,
				6A5D46CA1EC8F0D300854EA1 /* AjouterMotViewController.swift in Sources */,
			);
			runOnlyForDeploymentPostprocessing = 0;
		};
/* End PBXSourcesBuildPhase section */

/* Begin PBXVariantGroup section */
		6A59D76E1EBB701400E5D1BA /* LaunchScreen.storyboard */ = {
			isa = PBXVariantGroup;
			children = (
				6A59D76F1EBB701400E5D1BA /* Base */,
			);
			name = LaunchScreen.storyboard;
			sourceTree = "<group>";
		};
/* End PBXVariantGroup section */

/* Begin XCBuildConfiguration section */
		6A59D7721EBB701400E5D1BA /* Debug */ = {
			isa = XCBuildConfiguration;
			buildSettings = {
				ALWAYS_SEARCH_USER_PATHS = NO;
				CLANG_ANALYZER_NONNULL = YES;
				CLANG_ANALYZER_NUMBER_OBJECT_CONVERSION = YES_AGGRESSIVE;
				CLANG_CXX_LANGUAGE_STANDARD = "gnu++0x";
				CLANG_CXX_LIBRARY = "libc++";
				CLANG_ENABLE_MODULES = YES;
				CLANG_ENABLE_OBJC_ARC = YES;
				CLANG_WARN_BOOL_CONVERSION = YES;
				CLANG_WARN_CONSTANT_CONVERSION = YES;
				CLANG_WARN_DIRECT_OBJC_ISA_USAGE = YES_ERROR;
				CLANG_WARN_DOCUMENTATION_COMMENTS = YES;
				CLANG_WARN_EMPTY_BODY = YES;
				CLANG_WARN_ENUM_CONVERSION = YES;
				CLANG_WARN_INFINITE_RECURSION = YES;
				CLANG_WARN_INT_CONVERSION = YES;
				CLANG_WARN_OBJC_ROOT_CLASS = YES_ERROR;
				CLANG_WARN_SUSPICIOUS_MOVE = YES;
				CLANG_WARN_UNREACHABLE_CODE = YES;
				CLANG_WARN__DUPLICATE_METHOD_MATCH = YES;
				"CODE_SIGN_IDENTITY[sdk=iphoneos*]" = "iPhone Developer";
				COPY_PHASE_STRIP = NO;
				DEBUG_INFORMATION_FORMAT = dwarf;
				ENABLE_STRICT_OBJC_MSGSEND = YES;
				ENABLE_TESTABILITY = YES;
				GCC_C_LANGUAGE_STANDARD = gnu99;
				GCC_DYNAMIC_NO_PIC = NO;
				GCC_NO_COMMON_BLOCKS = YES;
				GCC_OPTIMIZATION_LEVEL = 0;
				GCC_PREPROCESSOR_DEFINITIONS = (
					"DEBUG=1",
					"$(inherited)",
				);
				GCC_WARN_64_TO_32_BIT_CONVERSION = YES;
				GCC_WARN_ABOUT_RETURN_TYPE = YES_ERROR;
				GCC_WARN_UNDECLARED_SELECTOR = YES;
				GCC_WARN_UNINITIALIZED_AUTOS = YES_AGGRESSIVE;
				GCC_WARN_UNUSED_FUNCTION = YES;
				GCC_WARN_UNUSED_VARIABLE = YES;
				IPHONEOS_DEPLOYMENT_TARGET = 10.3;
				MTL_ENABLE_DEBUG_INFO = YES;
				ONLY_ACTIVE_ARCH = YES;
				SDKROOT = iphoneos;
				SWIFT_ACTIVE_COMPILATION_CONDITIONS = DEBUG;
				SWIFT_OPTIMIZATION_LEVEL = "-Onone";
				TARGETED_DEVICE_FAMILY = "1,2";
			};
			name = Debug;
		};
		6A59D7731EBB701400E5D1BA /* Release */ = {
			isa = XCBuildConfiguration;
			buildSettings = {
				ALWAYS_SEARCH_USER_PATHS = NO;
				CLANG_ANALYZER_NONNULL = YES;
				CLANG_ANALYZER_NUMBER_OBJECT_CONVERSION = YES_AGGRESSIVE;
				CLANG_CXX_LANGUAGE_STANDARD = "gnu++0x";
				CLANG_CXX_LIBRARY = "libc++";
				CLANG_ENABLE_MODULES = YES;
				CLANG_ENABLE_OBJC_ARC = YES;
				CLANG_WARN_BOOL_CONVERSION = YES;
				CLANG_WARN_CONSTANT_CONVERSION = YES;
				CLANG_WARN_DIRECT_OBJC_ISA_USAGE = YES_ERROR;
				CLANG_WARN_DOCUMENTATION_COMMENTS = YES;
				CLANG_WARN_EMPTY_BODY = YES;
				CLANG_WARN_ENUM_CONVERSION = YES;
				CLANG_WARN_INFINITE_RECURSION = YES;
				CLANG_WARN_INT_CONVERSION = YES;
				CLANG_WARN_OBJC_ROOT_CLASS = YES_ERROR;
				CLANG_WARN_SUSPICIOUS_MOVE = YES;
				CLANG_WARN_UNREACHABLE_CODE = YES;
				CLANG_WARN__DUPLICATE_METHOD_MATCH = YES;
				"CODE_SIGN_IDENTITY[sdk=iphoneos*]" = "iPhone Developer";
				COPY_PHASE_STRIP = NO;
				DEBUG_INFORMATION_FORMAT = "dwarf-with-dsym";
				ENABLE_NS_ASSERTIONS = NO;
				ENABLE_STRICT_OBJC_MSGSEND = YES;
				GCC_C_LANGUAGE_STANDARD = gnu99;
				GCC_NO_COMMON_BLOCKS = YES;
				GCC_WARN_64_TO_32_BIT_CONVERSION = YES;
				GCC_WARN_ABOUT_RETURN_TYPE = YES_ERROR;
				GCC_WARN_UNDECLARED_SELECTOR = YES;
				GCC_WARN_UNINITIALIZED_AUTOS = YES_AGGRESSIVE;
				GCC_WARN_UNUSED_FUNCTION = YES;
				GCC_WARN_UNUSED_VARIABLE = YES;
				IPHONEOS_DEPLOYMENT_TARGET = 10.3;
				MTL_ENABLE_DEBUG_INFO = NO;
				SDKROOT = iphoneos;
				SWIFT_OPTIMIZATION_LEVEL = "-Owholemodule";
				TARGETED_DEVICE_FAMILY = "1,2";
				VALIDATE_PRODUCT = YES;
			};
			name = Release;
		};
		6A59D7751EBB701400E5D1BA /* Debug */ = {
			isa = XCBuildConfiguration;
			baseConfigurationReference = 533121DFB591D53EDE6233FF /* Pods-Vocs.debug.xcconfig */;
			buildSettings = {
				ALWAYS_EMBED_SWIFT_STANDARD_LIBRARIES = YES;
				ASSETCATALOG_COMPILER_APPICON_NAME = AppIcon;
				DEVELOPMENT_TEAM = R4Q4T5UMG8;
				INFOPLIST_FILE = Vocs/Info.plist;
				IPHONEOS_DEPLOYMENT_TARGET = 9.0;
				LD_RUNPATH_SEARCH_PATHS = "$(inherited) @executable_path/Frameworks";
				PRODUCT_BUNDLE_IDENTIFIER = com.wathis.Vocs;
				PRODUCT_NAME = "$(TARGET_NAME)";
				SWIFT_VERSION = 3.0;
				TARGETED_DEVICE_FAMILY = 1;
			};
			name = Debug;
		};
		6A59D7761EBB701400E5D1BA /* Release */ = {
			isa = XCBuildConfiguration;
			baseConfigurationReference = 42B5DC113416B6FE15E4A14A /* Pods-Vocs.release.xcconfig */;
			buildSettings = {
				ALWAYS_EMBED_SWIFT_STANDARD_LIBRARIES = YES;
				ASSETCATALOG_COMPILER_APPICON_NAME = AppIcon;
				DEVELOPMENT_TEAM = R4Q4T5UMG8;
				INFOPLIST_FILE = Vocs/Info.plist;
				IPHONEOS_DEPLOYMENT_TARGET = 9.0;
				LD_RUNPATH_SEARCH_PATHS = "$(inherited) @executable_path/Frameworks";
				PRODUCT_BUNDLE_IDENTIFIER = com.wathis.Vocs;
				PRODUCT_NAME = "$(TARGET_NAME)";
				SWIFT_VERSION = 3.0;
				TARGETED_DEVICE_FAMILY = 1;
			};
			name = Release;
		};
/* End XCBuildConfiguration section */

/* Begin XCConfigurationList section */
		6A59D75D1EBB701400E5D1BA /* Build configuration list for PBXProject "Vocs" */ = {
			isa = XCConfigurationList;
			buildConfigurations = (
				6A59D7721EBB701400E5D1BA /* Debug */,
				6A59D7731EBB701400E5D1BA /* Release */,
			);
			defaultConfigurationIsVisible = 0;
			defaultConfigurationName = Release;
		};
		6A59D7741EBB701400E5D1BA /* Build configuration list for PBXNativeTarget "Vocs" */ = {
			isa = XCConfigurationList;
			buildConfigurations = (
				6A59D7751EBB701400E5D1BA /* Debug */,
				6A59D7761EBB701400E5D1BA /* Release */,
			);
			defaultConfigurationIsVisible = 0;
			defaultConfigurationName = Release;
		};
/* End XCConfigurationList section */
	};
	rootObject = 6A59D75A1EBB701400E5D1BA /* Project object */;
}
